
Microsoft Visual Studio Solution File, Format Version 12.00
# Visual Studio Version 17
VisualStudioVersion = 17.8.34330.188
MinimumVisualStudioVersion = 10.0.40219.1
Project("{FAE04EC0-301F-11D3-BF4B-00C04F79EFBC}") = "SnakeGame", "SnakeGame\SnakeGame.csproj", "{3F4A8F06-9A2E-426F-B2E9-B1FD25EB943E}"
EndProject
Global
	GlobalSection(SolutionConfigurationPlatforms) = preSolution
		Debug|Any CPU = Debug|Any CPU
		Release|Any CPU = Release|Any CPU
	EndGlobalSection
	GlobalSection(ProjectConfigurationPlatforms) = postSolution
		{3F4A8F06-9A2E-426F-B2E9-B1FD25EB943E}.Debug|Any CPU.ActiveCfg = Debug|Any CPU
		{3F4A8F06-9A2E-426F-B2E9-B1FD25EB943E}.Debug|Any CPU.Build.0 = Debug|Any CPU
		{3F4A8F06-9A2E-426F-B2E9-B1FD25EB943E}.Release|Any CPU.ActiveCfg = Release|Any CPU
		{3F4A8F06-9A2E-426F-B2E9-B1FD25EB943E}.Release|Any CPU.Build.0 = Release|Any CPU
	EndGlobalSection
	GlobalSection(SolutionProperties) = preSolution
		HideSolutionNode = FALSE
	EndGlobalSection
	GlobalSection(ExtensibilityGlobals) = postSolution
		SolutionGuid = {0F00138D-930C-46B4-8C98-CFC7FBED5013}
	EndGlobalSection
EndGlobal
