
Microsoft Visual Studio Solution File, Format Version 12.00
# Visual Studio Version 17
VisualStudioVersion = 17.0.31903.59
MinimumVisualStudioVersion = 10.0.40219.1
Project("{FAE04EC0-301F-11D3-BF4B-00C04F79EFBC}") = "API", "API\API.csproj", "{2A142A5E-2BE8-410F-961C-BA0DD4DAA647}"
EndProject
Project("{FAE04EC0-301F-11D3-BF4B-00C04F79EFBC}") = "Common", "Common\Common.csproj", "{2D9E554F-01CA-4DCE-BC4B-5DA26A786641}"
EndProject
Project("{2150E333-8FDC-42A3-9474-1A3956D46DE8}") = "prompts", "prompts", "{2E256426-51E0-8F23-3502-2BF0049D083E}"
	ProjectSection(SolutionItems) = preProject
		usersManagement.txt = usersManagement.txt
		PagingSorting.txt = PagingSorting.txt
	EndProjectSection
EndProject
Global
	GlobalSection(SolutionConfigurationPlatforms) = preSolution
		Debug|Any CPU = Debug|Any CPU
		Debug|x64 = Debug|x64
		Debug|x86 = Debug|x86
		Release|Any CPU = Release|Any CPU
		Release|x64 = Release|x64
		Release|x86 = Release|x86
	EndGlobalSection
	GlobalSection(ProjectConfigurationPlatforms) = postSolution
		{2A142A5E-2BE8-410F-961C-BA0DD4DAA647}.Debug|Any CPU.ActiveCfg = Debug|Any CPU
		{2A142A5E-2BE8-410F-961C-BA0DD4DAA647}.Debug|Any CPU.Build.0 = Debug|Any CPU
		{2A142A5E-2BE8-410F-961C-BA0DD4DAA647}.Debug|x64.ActiveCfg = Debug|Any CPU
		{2A142A5E-2BE8-410F-961C-BA0DD4DAA647}.Debug|x64.Build.0 = Debug|Any CPU
		{2A142A5E-2BE8-410F-961C-BA0DD4DAA647}.Debug|x86.ActiveCfg = Debug|Any CPU
		{2A142A5E-2BE8-410F-961C-BA0DD4DAA647}.Debug|x86.Build.0 = Debug|Any CPU
		{2A142A5E-2BE8-410F-961C-BA0DD4DAA647}.Release|Any CPU.ActiveCfg = Release|Any CPU
		{2A142A5E-2BE8-410F-961C-BA0DD4DAA647}.Release|Any CPU.Build.0 = Release|Any CPU
		{2A142A5E-2BE8-410F-961C-BA0DD4DAA647}.Release|x64.ActiveCfg = Release|Any CPU
		{2A142A5E-2BE8-410F-961C-BA0DD4DAA647}.Release|x64.Build.0 = Release|Any CPU
		{2A142A5E-2BE8-410F-961C-BA0DD4DAA647}.Release|x86.ActiveCfg = Release|Any CPU
		{2A142A5E-2BE8-410F-961C-BA0DD4DAA647}.Release|x86.Build.0 = Release|Any CPU
		{2D9E554F-01CA-4DCE-BC4B-5DA26A786641}.Debug|Any CPU.ActiveCfg = Debug|Any CPU
		{2D9E554F-01CA-4DCE-BC4B-5DA26A786641}.Debug|Any CPU.Build.0 = Debug|Any CPU
		{2D9E554F-01CA-4DCE-BC4B-5DA26A786641}.Debug|x64.ActiveCfg = Debug|Any CPU
		{2D9E554F-01CA-4DCE-BC4B-5DA26A786641}.Debug|x64.Build.0 = Debug|Any CPU
		{2D9E554F-01CA-4DCE-BC4B-5DA26A786641}.Debug|x86.ActiveCfg = Debug|Any CPU
		{2D9E554F-01CA-4DCE-BC4B-5DA26A786641}.Debug|x86.Build.0 = Debug|Any CPU
		{2D9E554F-01CA-4DCE-BC4B-5DA26A786641}.Release|Any CPU.ActiveCfg = Release|Any CPU
		{2D9E554F-01CA-4DCE-BC4B-5DA26A786641}.Release|Any CPU.Build.0 = Release|Any CPU
		{2D9E554F-01CA-4DCE-BC4B-5DA26A786641}.Release|x64.ActiveCfg = Release|Any CPU
		{2D9E554F-01CA-4DCE-BC4B-5DA26A786641}.Release|x64.Build.0 = Release|Any CPU
		{2D9E554F-01CA-4DCE-BC4B-5DA26A786641}.Release|x86.ActiveCfg = Release|Any CPU
		{2D9E554F-01CA-4DCE-BC4B-5DA26A786641}.Release|x86.Build.0 = Release|Any CPU
	EndGlobalSection
	GlobalSection(SolutionProperties) = preSolution
		HideSolutionNode = FALSE
	EndGlobalSection
EndGlobal
